{
  "lockfileVersion": 1,
  "workspaces": {
    "": {
      "devDependencies": {
        "@biomejs/biome": "^1.9.4",
        "barely-a-dev-server": "^0.6.1",
        "esbuild": "^0.20.2",
      },
    },
  },
  "packages": {
    "@biomejs/biome": ["@biomejs/biome@1.9.4", "", { "optionalDependencies": { "@biomejs/cli-darwin-arm64": "1.9.4", "@biomejs/cli-darwin-x64": "1.9.4", "@biomejs/cli-linux-arm64": "1.9.4", "@biomejs/cli-linux-arm64-musl": "1.9.4", "@biomejs/cli-linux-x64": "1.9.4", "@biomejs/cli-linux-x64-musl": "1.9.4", "@biomejs/cli-win32-arm64": "1.9.4", "@biomejs/cli-win32-x64": "1.9.4" }, "bin": { "biome": "bin/biome" } }, "sha512-1rkd7G70+o9KkTn5KLmDYXihGoTaIGO9PIIN2ZB7UJxFrWw04CZHPYiMRjYsaDvVV7hP1dYNRLxSANLaBFGpog=="],

    "@biomejs/cli-darwin-arm64": ["@biomejs/cli-darwin-arm64@1.9.4", "", { "os": "darwin", "cpu": "arm64" }, "sha512-bFBsPWrNvkdKrNCYeAp+xo2HecOGPAy9WyNyB/jKnnedgzl4W4Hb9ZMzYNbf8dMCGmUdSavlYHiR01QaYR58cw=="],

    "@biomejs/cli-darwin-x64": ["@biomejs/cli-darwin-x64@1.9.4", "", { "os": "darwin", "cpu": "x64" }, "sha512-ngYBh/+bEedqkSevPVhLP4QfVPCpb+4BBe2p7Xs32dBgs7rh9nY2AIYUL6BgLw1JVXV8GlpKmb/hNiuIxfPfZg=="],

    "@biomejs/cli-linux-arm64": ["@biomejs/cli-linux-arm64@1.9.4", "", { "os": "linux", "cpu": "arm64" }, "sha512-fJIW0+LYujdjUgJJuwesP4EjIBl/N/TcOX3IvIHJQNsAqvV2CHIogsmA94BPG6jZATS4Hi+xv4SkBBQSt1N4/g=="],

    "@biomejs/cli-linux-arm64-musl": ["@biomejs/cli-linux-arm64-musl@1.9.4", "", { "os": "linux", "cpu": "arm64" }, "sha512-v665Ct9WCRjGa8+kTr0CzApU0+XXtRgwmzIf1SeKSGAv+2scAlW6JR5PMFo6FzqqZ64Po79cKODKf3/AAmECqA=="],

    "@biomejs/cli-linux-x64": ["@biomejs/cli-linux-x64@1.9.4", "", { "os": "linux", "cpu": "x64" }, "sha512-lRCJv/Vi3Vlwmbd6K+oQ0KhLHMAysN8lXoCI7XeHlxaajk06u7G+UsFSO01NAs5iYuWKmVZjmiOzJ0OJmGsMwg=="],

    "@biomejs/cli-linux-x64-musl": ["@biomejs/cli-linux-x64-musl@1.9.4", "", { "os": "linux", "cpu": "x64" }, "sha512-gEhi/jSBhZ2m6wjV530Yy8+fNqG8PAinM3oV7CyO+6c3CEh16Eizm21uHVsyVBEB6RIM8JHIl6AGYCv6Q6Q9Tg=="],

    "@biomejs/cli-win32-arm64": ["@biomejs/cli-win32-arm64@1.9.4", "", { "os": "win32", "cpu": "arm64" }, "sha512-tlbhLk+WXZmgwoIKwHIHEBZUwxml7bRJgk0X2sPyNR3S93cdRq6XulAZRQJ17FYGGzWne0fgrXBKpl7l4M87Hg=="],

    "@biomejs/cli-win32-x64": ["@biomejs/cli-win32-x64@1.9.4", "", { "os": "win32", "cpu": "x64" }, "sha512-8Y5wMhVIPaWe6jw2H+KlEm4wP/f7EW3810ZLmDlrEEy5KvBsb9ECEfu/kMWD484ijfQ8+nIi0giMgu9g1UAuuA=="],

    "@esbuild/aix-ppc64": ["@esbuild/aix-ppc64@0.20.2", "", { "os": "aix", "cpu": "ppc64" }, "sha512-D+EBOJHXdNZcLJRBkhENNG8Wji2kgc9AZ9KiPr1JuZjsNtyHzrsfLRrY0tk2H2aoFu6RANO1y1iPPUCDYWkb5g=="],

    "@esbuild/android-arm": ["@esbuild/android-arm@0.20.2", "", { "os": "android", "cpu": "arm" }, "sha512-t98Ra6pw2VaDhqNWO2Oph2LXbz/EJcnLmKLGBJwEwXX/JAN83Fym1rU8l0JUWK6HkIbWONCSSatf4sf2NBRx/w=="],

    "@esbuild/android-arm64": ["@esbuild/android-arm64@0.20.2", "", { "os": "android", "cpu": "arm64" }, "sha512-mRzjLacRtl/tWU0SvD8lUEwb61yP9cqQo6noDZP/O8VkwafSYwZ4yWy24kan8jE/IMERpYncRt2dw438LP3Xmg=="],

    "@esbuild/android-x64": ["@esbuild/android-x64@0.20.2", "", { "os": "android", "cpu": "x64" }, "sha512-btzExgV+/lMGDDa194CcUQm53ncxzeBrWJcncOBxuC6ndBkKxnHdFJn86mCIgTELsooUmwUm9FkhSp5HYu00Rg=="],

    "@esbuild/darwin-arm64": ["@esbuild/darwin-arm64@0.20.2", "", { "os": "darwin", "cpu": "arm64" }, "sha512-4J6IRT+10J3aJH3l1yzEg9y3wkTDgDk7TSDFX+wKFiWjqWp/iCfLIYzGyasx9l0SAFPT1HwSCR+0w/h1ES/MjA=="],

    "@esbuild/darwin-x64": ["@esbuild/darwin-x64@0.20.2", "", { "os": "darwin", "cpu": "x64" }, "sha512-tBcXp9KNphnNH0dfhv8KYkZhjc+H3XBkF5DKtswJblV7KlT9EI2+jeA8DgBjp908WEuYll6pF+UStUCfEpdysA=="],

    "@esbuild/freebsd-arm64": ["@esbuild/freebsd-arm64@0.20.2", "", { "os": "freebsd", "cpu": "arm64" }, "sha512-d3qI41G4SuLiCGCFGUrKsSeTXyWG6yem1KcGZVS+3FYlYhtNoNgYrWcvkOoaqMhwXSMrZRl69ArHsGJ9mYdbbw=="],

    "@esbuild/freebsd-x64": ["@esbuild/freebsd-x64@0.20.2", "", { "os": "freebsd", "cpu": "x64" }, "sha512-d+DipyvHRuqEeM5zDivKV1KuXn9WeRX6vqSqIDgwIfPQtwMP4jaDsQsDncjTDDsExT4lR/91OLjRo8bmC1e+Cw=="],

    "@esbuild/linux-arm": ["@esbuild/linux-arm@0.20.2", "", { "os": "linux", "cpu": "arm" }, "sha512-VhLPeR8HTMPccbuWWcEUD1Az68TqaTYyj6nfE4QByZIQEQVWBB8vup8PpR7y1QHL3CpcF6xd5WVBU/+SBEvGTg=="],

    "@esbuild/linux-arm64": ["@esbuild/linux-arm64@0.20.2", "", { "os": "linux", "cpu": "arm64" }, "sha512-9pb6rBjGvTFNira2FLIWqDk/uaf42sSyLE8j1rnUpuzsODBq7FvpwHYZxQ/It/8b+QOS1RYfqgGFNLRI+qlq2A=="],

    "@esbuild/linux-ia32": ["@esbuild/linux-ia32@0.20.2", "", { "os": "linux", "cpu": "ia32" }, "sha512-o10utieEkNPFDZFQm9CoP7Tvb33UutoJqg3qKf1PWVeeJhJw0Q347PxMvBgVVFgouYLGIhFYG0UGdBumROyiig=="],

    "@esbuild/linux-loong64": ["@esbuild/linux-loong64@0.20.2", "", { "os": "linux", "cpu": "none" }, "sha512-PR7sp6R/UC4CFVomVINKJ80pMFlfDfMQMYynX7t1tNTeivQ6XdX5r2XovMmha/VjR1YN/HgHWsVcTRIMkymrgQ=="],

    "@esbuild/linux-mips64el": ["@esbuild/linux-mips64el@0.20.2", "", { "os": "linux", "cpu": "none" }, "sha512-4BlTqeutE/KnOiTG5Y6Sb/Hw6hsBOZapOVF6njAESHInhlQAghVVZL1ZpIctBOoTFbQyGW+LsVYZ8lSSB3wkjA=="],

    "@esbuild/linux-ppc64": ["@esbuild/linux-ppc64@0.20.2", "", { "os": "linux", "cpu": "ppc64" }, "sha512-rD3KsaDprDcfajSKdn25ooz5J5/fWBylaaXkuotBDGnMnDP1Uv5DLAN/45qfnf3JDYyJv/ytGHQaziHUdyzaAg=="],

    "@esbuild/linux-riscv64": ["@esbuild/linux-riscv64@0.20.2", "", { "os": "linux", "cpu": "none" }, "sha512-snwmBKacKmwTMmhLlz/3aH1Q9T8v45bKYGE3j26TsaOVtjIag4wLfWSiZykXzXuE1kbCE+zJRmwp+ZbIHinnVg=="],

    "@esbuild/linux-s390x": ["@esbuild/linux-s390x@0.20.2", "", { "os": "linux", "cpu": "s390x" }, "sha512-wcWISOobRWNm3cezm5HOZcYz1sKoHLd8VL1dl309DiixxVFoFe/o8HnwuIwn6sXre88Nwj+VwZUvJf4AFxkyrQ=="],

    "@esbuild/linux-x64": ["@esbuild/linux-x64@0.20.2", "", { "os": "linux", "cpu": "x64" }, "sha512-1MdwI6OOTsfQfek8sLwgyjOXAu+wKhLEoaOLTjbijk6E2WONYpH9ZU2mNtR+lZ2B4uwr+usqGuVfFT9tMtGvGw=="],

    "@esbuild/netbsd-x64": ["@esbuild/netbsd-x64@0.20.2", "", { "os": "none", "cpu": "x64" }, "sha512-K8/DhBxcVQkzYc43yJXDSyjlFeHQJBiowJ0uVL6Tor3jGQfSGHNNJcWxNbOI8v5k82prYqzPuwkzHt3J1T1iZQ=="],

    "@esbuild/openbsd-x64": ["@esbuild/openbsd-x64@0.20.2", "", { "os": "openbsd", "cpu": "x64" }, "sha512-eMpKlV0SThJmmJgiVyN9jTPJ2VBPquf6Kt/nAoo6DgHAoN57K15ZghiHaMvqjCye/uU4X5u3YSMgVBI1h3vKrQ=="],

    "@esbuild/sunos-x64": ["@esbuild/sunos-x64@0.20.2", "", { "os": "sunos", "cpu": "x64" }, "sha512-2UyFtRC6cXLyejf/YEld4Hajo7UHILetzE1vsRcGL3earZEW77JxrFjH4Ez2qaTiEfMgAXxfAZCm1fvM/G/o8w=="],

    "@esbuild/win32-arm64": ["@esbuild/win32-arm64@0.20.2", "", { "os": "win32", "cpu": "arm64" }, "sha512-GRibxoawM9ZCnDxnP3usoUDO9vUkpAxIIZ6GQI+IlVmr5kP3zUq+l17xELTHMWTWzjxa2guPNyrpq1GWmPvcGQ=="],

    "@esbuild/win32-ia32": ["@esbuild/win32-ia32@0.20.2", "", { "os": "win32", "cpu": "ia32" }, "sha512-HfLOfn9YWmkSKRQqovpnITazdtquEW8/SoHW7pWpuEeguaZI4QnCRW6b+oZTztdBnZOS2hqJ6im/D5cPzBTTlQ=="],

    "@esbuild/win32-x64": ["@esbuild/win32-x64@0.20.2", "", { "os": "win32", "cpu": "x64" }, "sha512-N49X4lJX27+l9jbLKSqZ6bKNjzQvHaT8IIFUy+YIqmXQdjYCToGWwOItDrfby14c78aDd5NHQl29xingXfCdLQ=="],

    "barely-a-dev-server": ["barely-a-dev-server@0.6.3", "", { "peerDependencies": { "esbuild": "^0.23.0" } }, "sha512-09vvc6U1+a8x/fDMEovOqAhKtglOMhvOav4rKeKmGc/i74etglatQXQ8YhUle0HM51l9KxCRAQUwhIoB2sylbA=="],

    "esbuild": ["esbuild@0.20.2", "", { "optionalDependencies": { "@esbuild/aix-ppc64": "0.20.2", "@esbuild/android-arm": "0.20.2", "@esbuild/android-arm64": "0.20.2", "@esbuild/android-x64": "0.20.2", "@esbuild/darwin-arm64": "0.20.2", "@esbuild/darwin-x64": "0.20.2", "@esbuild/freebsd-arm64": "0.20.2", "@esbuild/freebsd-x64": "0.20.2", "@esbuild/linux-arm": "0.20.2", "@esbuild/linux-arm64": "0.20.2", "@esbuild/linux-ia32": "0.20.2", "@esbuild/linux-loong64": "0.20.2", "@esbuild/linux-mips64el": "0.20.2", "@esbuild/linux-ppc64": "0.20.2", "@esbuild/linux-riscv64": "0.20.2", "@esbuild/linux-s390x": "0.20.2", "@esbuild/linux-x64": "0.20.2", "@esbuild/netbsd-x64": "0.20.2", "@esbuild/openbsd-x64": "0.20.2", "@esbuild/sunos-x64": "0.20.2", "@esbuild/win32-arm64": "0.20.2", "@esbuild/win32-ia32": "0.20.2", "@esbuild/win32-x64": "0.20.2" }, "bin": { "esbuild": "bin/esbuild" } }, "sha512-WdOOppmUNU+IbZ0PaDiTst80zjnrOkyJNHoKupIcVyU8Lvla3Ugx94VzkQ32Ijqd7UhHJy75gNWDMUekcrSJ6g=="],
  }
}
